
Microsoft Visual Studio Solution File, Format Version 12.00
# Visual Studio Version 16
VisualStudioVersion = 16.0.29613.14
MinimumVisualStudioVersion = 10.0.40219.1
Project("{FAE04EC0-301F-11D3-BF4B-00C04F79EFBC}") = "Contact_List_MVC", "Contact_List_MVC.csproj", "{4F1057E5-45B8-4C97-BFA6-7E58FFDA08F0}"
EndProject
Global
	GlobalSection(SolutionConfigurationPlatforms) = preSolution
		Debug|Any CPU = Debug|Any CPU
		Release|Any CPU = Release|Any CPU
	EndGlobalSection
	GlobalSection(ProjectConfigurationPlatforms) = postSolution
		{4F1057E5-45B8-4C97-BFA6-7E58FFDA08F0}.Debug|Any CPU.ActiveCfg = Debug|Any CPU
		{4F1057E5-45B8-4C97-BFA6-7E58FFDA08F0}.Debug|Any CPU.Build.0 = Debug|Any CPU
		{4F1057E5-45B8-4C97-BFA6-7E58FFDA08F0}.Release|Any CPU.ActiveCfg = Release|Any CPU
		{4F1057E5-45B8-4C97-BFA6-7E58FFDA08F0}.Release|Any CPU.Build.0 = Release|Any CPU
	EndGlobalSection
	GlobalSection(SolutionProperties) = preSolution
		HideSolutionNode = FALSE
	EndGlobalSection
	GlobalSection(ExtensibilityGlobals) = postSolution
		SolutionGuid = {DC25B76C-3ECD-41AD-AE87-550125F2AC46}
	EndGlobalSection
EndGlobal
